
Microsoft Visual Studio Solution File, Format Version 12.00
# Visual Studio 15
VisualStudioVersion = 15.0.27004.2002
MinimumVisualStudioVersion = 10.0.40219.1
Project("{F184B08F-C81C-45F6-A57F-5ABD9991F28F}") = "RFLToolsApp", "RFLToolsApp\RFLToolsApp.vbproj", "{8A6890E7-E4D6-48D8-A60F-1A2C1B77710E}"
EndProject
Project("{54435603-DBB4-11D2-8724-00A0C9A8B90C}") = "SetupRFLToolsApp", "SetupRFLToolsApp\SetupRFLToolsApp.vdproj", "{C1073621-B857-4E60-985A-DDF472DE397F}"
EndProject
Global
	GlobalSection(SolutionConfigurationPlatforms) = preSolution
		Debug|Any CPU = Debug|Any CPU
		Release|Any CPU = Release|Any CPU
	EndGlobalSection
	GlobalSection(ProjectConfigurationPlatforms) = postSolution
		{8A6890E7-E4D6-48D8-A60F-1A2C1B77710E}.Debug|Any CPU.ActiveCfg = Debug|Any CPU
		{8A6890E7-E4D6-48D8-A60F-1A2C1B77710E}.Debug|Any CPU.Build.0 = Debug|Any CPU
		{8A6890E7-E4D6-48D8-A60F-1A2C1B77710E}.Release|Any CPU.ActiveCfg = Release|Any CPU
		{8A6890E7-E4D6-48D8-A60F-1A2C1B77710E}.Release|Any CPU.Build.0 = Release|Any CPU
		{C1073621-B857-4E60-985A-DDF472DE397F}.Debug|Any CPU.ActiveCfg = Debug
		{C1073621-B857-4E60-985A-DDF472DE397F}.Release|Any CPU.ActiveCfg = Release
	EndGlobalSection
	GlobalSection(SolutionProperties) = preSolution
		HideSolutionNode = FALSE
	EndGlobalSection
	GlobalSection(ExtensibilityGlobals) = postSolution
		SolutionGuid = {407B1020-82E2-4B8B-B8BB-81C589B59162}
	EndGlobalSection
EndGlobal
